// !$*UTF8*$!
{
	archiveVersion = 1;
	classes = {
	};
	objectVersion = 46;
	objects = {

/* Begin PBXBuildFile section */
		A11E5D201B8AD6DA00D2BA8A /* WarningSign.png in Resources */ = {isa = PBXBuildFile; fileRef = A11E5D1F1B8AD6DA00D2BA8A /* WarningSign.png */; };
		A11E5D231B8ADE7800D2BA8A /* ResetAuthenticator.m in Sources */ = {isa = PBXBuildFile; fileRef = A11E5D221B8ADE7800D2BA8A /* ResetAuthenticator.m */; };
		A1827DF11BA68EFA0090783B /* AuthenticatorOperation.m in Sources */ = {isa = PBXBuildFile; fileRef = A1827DF01BA68EFA0090783B /* AuthenticatorOperation.m */; };
		A1832E491B8C2BF4005D3238 /* InitialViewController.m in Sources */ = {isa = PBXBuildFile; fileRef = A1832E481B8C2BF4005D3238 /* InitialViewController.m */; };
		A19074BA1B92B5380000526C /* SetUpAuthenticatorDone.m in Sources */ = {isa = PBXBuildFile; fileRef = A19074B91B92B5380000526C /* SetUpAuthenticatorDone.m */; };
		A1C137D51BAA3B3700D8C92A /* WelcomeHomePage.m in Sources */ = {isa = PBXBuildFile; fileRef = A1C137D41BAA3B3700D8C92A /* WelcomeHomePage.m */; settings = {ASSET_TAGS = (); }; };
		A1C137D81BAA3BA700D8C92A /* WelcomeSyncWithiCloud.m in Sources */ = {isa = PBXBuildFile; fileRef = A1C137D71BAA3BA700D8C92A /* WelcomeSyncWithiCloud.m */; settings = {ASSET_TAGS = (); }; };
		A1D368051B8049550034F8F5 /* Menu.m in Sources */ = {isa = PBXBuildFile; fileRef = A1D368041B8049550034F8F5 /* Menu.m */; };
		B2293DE81B8D3813004B9A3E /* SetUpAuthenticator.m in Sources */ = {isa = PBXBuildFile; fileRef = B2293DE71B8D3813004B9A3E /* SetUpAuthenticator.m */; };
		B22B5CE71BB22D34001CAF7A /* InfoPlist.strings in Resources */ = {isa = PBXBuildFile; fileRef = B22B5CE51BB22D34001CAF7A /* InfoPlist.strings */; settings = {ASSET_TAGS = (); }; };
		B22B5CE91BB22FE0001CAF7A /* Info.plist in Resources */ = {isa = PBXBuildFile; fileRef = B22B5CE81BB22FE0001CAF7A /* Info.plist */; settings = {ASSET_TAGS = (); }; };
		B22D0BC91B991B4D00BD1857 /* RestoreWithRestoreCode.m in Sources */ = {isa = PBXBuildFile; fileRef = B22D0BC81B991B4D00BD1857 /* RestoreWithRestoreCode.m */; };
		B2384D6B1BB07717000D80BE /* Configuration.plist in Resources */ = {isa = PBXBuildFile; fileRef = B2384D6D1BB07717000D80BE /* Configuration.plist */; };
		B23DD22D1BA8F6BD00A5B9B9 /* WelcomePageView.m in Sources */ = {isa = PBXBuildFile; fileRef = B23DD22C1BA8F6BD00A5B9B9 /* WelcomePageView.m */; };
		B23E4C1E1B7BBFC900D35088 /* main.m in Sources */ = {isa = PBXBuildFile; fileRef = B23E4C1D1B7BBFC900D35088 /* main.m */; };
		B23E4C211B7BBFC900D35088 /* AppDelegate.m in Sources */ = {isa = PBXBuildFile; fileRef = B23E4C201B7BBFC900D35088 /* AppDelegate.m */; };
		B23E4C271B7BBFC900D35088 /* Main.storyboard in Resources */ = {isa = PBXBuildFile; fileRef = B23E4C251B7BBFC900D35088 /* Main.storyboard */; };
		B23E4C291B7BBFC900D35088 /* Images.xcassets in Resources */ = {isa = PBXBuildFile; fileRef = B23E4C281B7BBFC900D35088 /* Images.xcassets */; };
		B23E4C2C1B7BBFC900D35088 /* LaunchScreen.xib in Resources */ = {isa = PBXBuildFile; fileRef = B23E4C2A1B7BBFC900D35088 /* LaunchScreen.xib */; };
		B23E4C381B7BBFCA00D35088 /* AuthenticatorCircleTests.m in Sources */ = {isa = PBXBuildFile; fileRef = B23E4C371B7BBFCA00D35088 /* AuthenticatorCircleTests.m */; };
		B23E4C461B7BC79E00D35088 /* ArcProgressView.m in Sources */ = {isa = PBXBuildFile; fileRef = B23E4C451B7BC79E00D35088 /* ArcProgressView.m */; };
		B23E4C491B7BCAD200D35088 /* ShowAuthenticator.m in Sources */ = {isa = PBXBuildFile; fileRef = B23E4C481B7BCAD200D35088 /* ShowAuthenticator.m */; };
		B23E4C4C1B7BCBBF00D35088 /* KeychainWrapper.m in Sources */ = {isa = PBXBuildFile; fileRef = B23E4C4B1B7BCBBF00D35088 /* KeychainWrapper.m */; };
		B2438D1D1BB2281300EFB480 /* HelpContents.plist in Resources */ = {isa = PBXBuildFile; fileRef = B2438D1F1BB2281300EFB480 /* HelpContents.plist */; };
		B25E461D1B98E95E00C7FD60 /* RestoreAuthenticator.m in Sources */ = {isa = PBXBuildFile; fileRef = B25E461C1B98E95E00C7FD60 /* RestoreAuthenticator.m */; };
		B265C7DB1BAB7DD500DC238B /* UIButton+StyleButton.m in Sources */ = {isa = PBXBuildFile; fileRef = B265C7DA1BAB7DD500DC238B /* UIButton+StyleButton.m */; settings = {ASSET_TAGS = (); }; };
		B267F5621B893C8E00FBB9B5 /* BG_Bastion.jpg in Resources */ = {isa = PBXBuildFile; fileRef = B267F5521B893C8E00FBB9B5 /* BG_Bastion.jpg */; };
		B267F5631B893C8E00FBB9B5 /* BG_Hanzo.jpg in Resources */ = {isa = PBXBuildFile; fileRef = B267F5531B893C8E00FBB9B5 /* BG_Hanzo.jpg */; };
		B267F5641B893C8E00FBB9B5 /* BG_Lucio.jpg in Resources */ = {isa = PBXBuildFile; fileRef = B267F5541B893C8E00FBB9B5 /* BG_Lucio.jpg */; };
		B267F5651B893C8E00FBB9B5 /* BG_McCree.jpg in Resources */ = {isa = PBXBuildFile; fileRef = B267F5551B893C8E00FBB9B5 /* BG_McCree.jpg */; };
		B267F5661B893C8E00FBB9B5 /* BG_Mercy.jpg in Resources */ = {isa = PBXBuildFile; fileRef = B267F5561B893C8E00FBB9B5 /* BG_Mercy.jpg */; };
		B267F5671B893C8E00FBB9B5 /* BG_Pharah.jpg in Resources */ = {isa = PBXBuildFile; fileRef = B267F5571B893C8E00FBB9B5 /* BG_Pharah.jpg */; };
		B267F5681B893C8E00FBB9B5 /* BG_Reaper.jpg in Resources */ = {isa = PBXBuildFile; fileRef = B267F5581B893C8E00FBB9B5 /* BG_Reaper.jpg */; };
		B267F5691B893C8E00FBB9B5 /* BG_Reinhardt.jpg in Resources */ = {isa = PBXBuildFile; fileRef = B267F5591B893C8E00FBB9B5 /* BG_Reinhardt.jpg */; };
		B267F56A1B893C8E00FBB9B5 /* BG_Soldier76.jpg in Resources */ = {isa = PBXBuildFile; fileRef = B267F55A1B893C8E00FBB9B5 /* BG_Soldier76.jpg */; };
		B267F56B1B893C8E00FBB9B5 /* BG_Symmetra.jpg in Resources */ = {isa = PBXBuildFile; fileRef = B267F55B1B893C8E00FBB9B5 /* BG_Symmetra.jpg */; };
		B267F56C1B893C8E00FBB9B5 /* BG_Torbjorn.jpg in Resources */ = {isa = PBXBuildFile; fileRef = B267F55C1B893C8E00FBB9B5 /* BG_Torbjorn.jpg */; };
		B267F56D1B893C8E00FBB9B5 /* BG_Tracer.jpg in Resources */ = {isa = PBXBuildFile; fileRef = B267F55D1B893C8E00FBB9B5 /* BG_Tracer.jpg */; };
		B267F56E1B893C8E00FBB9B5 /* BG_Widowmaker.jpg in Resources */ = {isa = PBXBuildFile; fileRef = B267F55E1B893C8E00FBB9B5 /* BG_Widowmaker.jpg */; };
		B267F56F1B893C8E00FBB9B5 /* BG_Winston.jpg in Resources */ = {isa = PBXBuildFile; fileRef = B267F55F1B893C8E00FBB9B5 /* BG_Winston.jpg */; };
		B267F5701B893C8E00FBB9B5 /* BG_Zarya.jpg in Resources */ = {isa = PBXBuildFile; fileRef = B267F5601B893C8E00FBB9B5 /* BG_Zarya.jpg */; };
		B267F5711B893C8E00FBB9B5 /* BG_Zenyatta.jpg in Resources */ = {isa = PBXBuildFile; fileRef = B267F5611B893C8E00FBB9B5 /* BG_Zenyatta.jpg */; };
		B26D8EC51BB20F8A00706539 /* Localizable.strings in Resources */ = {isa = PBXBuildFile; fileRef = B26D8EC71BB20F8A00706539 /* Localizable.strings */; };
		B27BE9EA1BA7A1AE006FEBCC /* CloudIcon.png in Resources */ = {isa = PBXBuildFile; fileRef = B27BE9E91BA7A1AE006FEBCC /* CloudIcon.png */; };
		B27BE9EC1BA7A1B4006FEBCC /* WelcomeIcon.png in Resources */ = {isa = PBXBuildFile; fileRef = B27BE9EB1BA7A1B4006FEBCC /* WelcomeIcon.png */; };
		B281E5251BA1FD3200736CC3 /* CompleteSign.png in Resources */ = {isa = PBXBuildFile; fileRef = B281E5241BA1FD3200736CC3 /* CompleteSign.png */; };
		B281E5281BA205EB00736CC3 /* RestoreKeychainDone.m in Sources */ = {isa = PBXBuildFile; fileRef = B281E5271BA205EB00736CC3 /* RestoreKeychainDone.m */; };
		B2A60E531B814D7C001BB51F /* Help.png in Resources */ = {isa = PBXBuildFile; fileRef = B2A60E4F1B814D7C001BB51F /* Help.png */; };
		B2A60E541B814D7C001BB51F /* ResetAuthenticator.png in Resources */ = {isa = PBXBuildFile; fileRef = B2A60E501B814D7C001BB51F /* ResetAuthenticator.png */; };
		B2A60E551B814D7C001BB51F /* SendFeedback.png in Resources */ = {isa = PBXBuildFile; fileRef = B2A60E511B814D7C001BB51F /* SendFeedback.png */; };
		B2A60E561B814D7C001BB51F /* ViewRestoreCode.png in Resources */ = {isa = PBXBuildFile; fileRef = B2A60E521B814D7C001BB51F /* ViewRestoreCode.png */; };
		B2BC9C2E1B979F94004481BB /* UINavigationController+NavigationController.m in Sources */ = {isa = PBXBuildFile; fileRef = B2BC9C2D1B979F94004481BB /* UINavigationController+NavigationController.m */; };
		B2C11F5C1BA37B2400E9C962 /* TTTAttributedLabel.m in Sources */ = {isa = PBXBuildFile; fileRef = B2C11F5B1BA37B2400E9C962 /* TTTAttributedLabel.m */; };
		B2C249BD1BB3312A00EAF253 /* AppIcon@2x.png in Resources */ = {isa = PBXBuildFile; fileRef = B2C249B91BB3312A00EAF253 /* AppIcon@2x.png */; settings = {ASSET_TAGS = (); }; };
		B2C249BE1BB3312A00EAF253 /* AppIcon@3x.png in Resources */ = {isa = PBXBuildFile; fileRef = B2C249BA1BB3312A00EAF253 /* AppIcon@3x.png */; settings = {ASSET_TAGS = (); }; };
		B2C249BF1BB3312A00EAF253 /* SettingIcon@2x.png in Resources */ = {isa = PBXBuildFile; fileRef = B2C249BB1BB3312A00EAF253 /* SettingIcon@2x.png */; settings = {ASSET_TAGS = (); }; };
		B2C249C01BB3312A00EAF253 /* SettingIcon@3x.png in Resources */ = {isa = PBXBuildFile; fileRef = B2C249BC1BB3312A00EAF253 /* SettingIcon@3x.png */; settings = {ASSET_TAGS = (); }; };
		B2D2C5661B9A1D9100AAA5C0 /* UITextField_Inset_PlaceholderFont.m in Sources */ = {isa = PBXBuildFile; fileRef = B2D2C5651B9A1D9100AAA5C0 /* UITextField_Inset_PlaceholderFont.m */; };
		B2D469081BADFB6C004E76D3 /* FixInconsistency.m in Sources */ = {isa = PBXBuildFile; fileRef = B2D469071BADFB6C004E76D3 /* FixInconsistency.m */; settings = {ASSET_TAGS = (); }; };
		B2D94D3A1B7D3FFB0010DE6C /* AuthenticatorSimulator.m in Sources */ = {isa = PBXBuildFile; fileRef = B2D94D391B7D3FFB0010DE6C /* AuthenticatorSimulator.m */; };
		B2E7CC5E1B8BDE3B004EA14C /* ProcessingViewController.m in Sources */ = {isa = PBXBuildFile; fileRef = B2E7CC5D1B8BDE3B004EA14C /* ProcessingViewController.m */; };
		B2E7CC601B8BF71C004EA14C /* AppBackground.jpg in Resources */ = {isa = PBXBuildFile; fileRef = B2E7CC5F1B8BF71C004EA14C /* AppBackground.jpg */; };
		B2E7CC621B8BF8A4004EA14C /* BattleNet_Title.png in Resources */ = {isa = PBXBuildFile; fileRef = B2E7CC611B8BF8A4004EA14C /* BattleNet_Title.png */; };
		B2EB9E851B8403B70054BA0E /* ViewRestoreCode.m in Sources */ = {isa = PBXBuildFile; fileRef = B2EB9E841B8403B70054BA0E /* ViewRestoreCode.m */; };
		B2F406A61BA394C700E25474 /* HelpContent.m in Sources */ = {isa = PBXBuildFile; fileRef = B2F406A51BA394C700E25474 /* HelpContent.m */; };
		B2F406A91BA394D800E25474 /* HelpList.m in Sources */ = {isa = PBXBuildFile; fileRef = B2F406A81BA394D800E25474 /* HelpList.m */; };
/* End PBXBuildFile section */

/* Begin PBXContainerItemProxy section */
		B23E4C321B7BBFCA00D35088 /* PBXContainerItemProxy */ = {
			isa = PBXContainerItemProxy;
			containerPortal = B23E4C101B7BBFC900D35088 /* Project object */;
			proxyType = 1;
			remoteGlobalIDString = B23E4C171B7BBFC900D35088;
			remoteInfo = AuthenticatorCircle;
		};
/* End PBXContainerItemProxy section */

/* Begin PBXFileReference section */
		A11E5D1F1B8AD6DA00D2BA8A /* WarningSign.png */ = {isa = PBXFileReference; lastKnownFileType = image.png; path = WarningSign.png; sourceTree = "<group>"; };
		A11E5D211B8ADE7800D2BA8A /* ResetAuthenticator.h */ = {isa = PBXFileReference; fileEncoding = 4; lastKnownFileType = sourcecode.c.h; path = ResetAuthenticator.h; sourceTree = "<group>"; };
		A11E5D221B8ADE7800D2BA8A /* ResetAuthenticator.m */ = {isa = PBXFileReference; fileEncoding = 4; lastKnownFileType = sourcecode.c.objc; path = ResetAuthenticator.m; sourceTree = "<group>"; };
		A12EE3D91B8593EB005DDCFC /* AuthenticatorCircle-Prefix.pch */ = {isa = PBXFileReference; lastKnownFileType = sourcecode.c.h; path = "AuthenticatorCircle-Prefix.pch"; sourceTree = "<group>"; };
		A1827DEF1BA68EFA0090783B /* AuthenticatorOperation.h */ = {isa = PBXFileReference; fileEncoding = 4; lastKnownFileType = sourcecode.c.h; path = AuthenticatorOperation.h; sourceTree = "<group>"; };
		A1827DF01BA68EFA0090783B /* AuthenticatorOperation.m */ = {isa = PBXFileReference; fileEncoding = 4; lastKnownFileType = sourcecode.c.objc; path = AuthenticatorOperation.m; sourceTree = "<group>"; };
		A1832E471B8C2BF4005D3238 /* InitialViewController.h */ = {isa = PBXFileReference; fileEncoding = 4; lastKnownFileType = sourcecode.c.h; path = InitialViewController.h; sourceTree = "<group>"; };
		A1832E481B8C2BF4005D3238 /* InitialViewController.m */ = {isa = PBXFileReference; fileEncoding = 4; lastKnownFileType = sourcecode.c.objc; path = InitialViewController.m; sourceTree = "<group>"; };
		A19074B81B92B5380000526C /* SetUpAuthenticatorDone.h */ = {isa = PBXFileReference; fileEncoding = 4; lastKnownFileType = sourcecode.c.h; path = SetUpAuthenticatorDone.h; sourceTree = "<group>"; };
		A19074B91B92B5380000526C /* SetUpAuthenticatorDone.m */ = {isa = PBXFileReference; fileEncoding = 4; lastKnownFileType = sourcecode.c.objc; path = SetUpAuthenticatorDone.m; sourceTree = "<group>"; };
		A1C137D31BAA3B3700D8C92A /* WelcomeHomePage.h */ = {isa = PBXFileReference; fileEncoding = 4; lastKnownFileType = sourcecode.c.h; path = WelcomeHomePage.h; sourceTree = "<group>"; };
		A1C137D41BAA3B3700D8C92A /* WelcomeHomePage.m */ = {isa = PBXFileReference; fileEncoding = 4; lastKnownFileType = sourcecode.c.objc; path = WelcomeHomePage.m; sourceTree = "<group>"; };
		A1C137D61BAA3BA700D8C92A /* WelcomeSyncWithiCloud.h */ = {isa = PBXFileReference; fileEncoding = 4; lastKnownFileType = sourcecode.c.h; path = WelcomeSyncWithiCloud.h; sourceTree = "<group>"; };
		A1C137D71BAA3BA700D8C92A /* WelcomeSyncWithiCloud.m */ = {isa = PBXFileReference; fileEncoding = 4; lastKnownFileType = sourcecode.c.objc; path = WelcomeSyncWithiCloud.m; sourceTree = "<group>"; };
		A1D368031B8049550034F8F5 /* Menu.h */ = {isa = PBXFileReference; fileEncoding = 4; lastKnownFileType = sourcecode.c.h; path = Menu.h; sourceTree = "<group>"; };
		A1D368041B8049550034F8F5 /* Menu.m */ = {isa = PBXFileReference; fileEncoding = 4; lastKnownFileType = sourcecode.c.objc; path = Menu.m; sourceTree = "<group>"; };
		B2293DE21B8D1071004B9A3E /* AuthenticatorCircle.entitlements */ = {isa = PBXFileReference; lastKnownFileType = text.xml; path = AuthenticatorCircle.entitlements; sourceTree = "<group>"; };
		B2293DE61B8D3813004B9A3E /* SetUpAuthenticator.h */ = {isa = PBXFileReference; fileEncoding = 4; lastKnownFileType = sourcecode.c.h; path = SetUpAuthenticator.h; sourceTree = "<group>"; };
		B2293DE71B8D3813004B9A3E /* SetUpAuthenticator.m */ = {isa = PBXFileReference; fileEncoding = 4; lastKnownFileType = sourcecode.c.objc; path = SetUpAuthenticator.m; sourceTree = "<group>"; };
		B22B5CE61BB22D34001CAF7A /* zh-Hans */ = {isa = PBXFileReference; lastKnownFileType = text.plist.strings; name = "zh-Hans"; path = "zh-Hans.lproj/InfoPlist.strings"; sourceTree = "<group>"; };
		B22B5CE81BB22FE0001CAF7A /* Info.plist */ = {isa = PBXFileReference; fileEncoding = 4; lastKnownFileType = text.plist.xml; path = Info.plist; sourceTree = "<group>"; };
		B22D0BC71B991B4D00BD1857 /* RestoreWithRestoreCode.h */ = {isa = PBXFileReference; fileEncoding = 4; lastKnownFileType = sourcecode.c.h; path = RestoreWithRestoreCode.h; sourceTree = "<group>"; };
		B22D0BC81B991B4D00BD1857 /* RestoreWithRestoreCode.m */ = {isa = PBXFileReference; fileEncoding = 4; lastKnownFileType = sourcecode.c.objc; path = RestoreWithRestoreCode.m; sourceTree = "<group>"; };
		B23694B91BB3119A00D747A3 /* Debug.xcconfig */ = {isa = PBXFileReference; lastKnownFileType = text.xcconfig; path = Debug.xcconfig; sourceTree = "<group>"; };
		B23694BA1BB318E900D747A3 /* Release.xcconfig */ = {isa = PBXFileReference; lastKnownFileType = text.xcconfig; path = Release.xcconfig; sourceTree = "<group>"; };
		B2384D6C1BB07717000D80BE /* Base */ = {isa = PBXFileReference; lastKnownFileType = text.plist.xml; name = Base; path = Base.lproj/Configuration.plist; sourceTree = "<group>"; };
		B23DD22B1BA8F6BD00A5B9B9 /* WelcomePageView.h */ = {isa = PBXFileReference; fileEncoding = 4; lastKnownFileType = sourcecode.c.h; path = WelcomePageView.h; sourceTree = "<group>"; };
		B23DD22C1BA8F6BD00A5B9B9 /* WelcomePageView.m */ = {isa = PBXFileReference; fileEncoding = 4; lastKnownFileType = sourcecode.c.objc; path = WelcomePageView.m; sourceTree = "<group>"; };
		B23E4C181B7BBFC900D35088 /* AuthenticatorCircle.app */ = {isa = PBXFileReference; explicitFileType = wrapper.application; includeInIndex = 0; path = AuthenticatorCircle.app; sourceTree = BUILT_PRODUCTS_DIR; };
		B23E4C1D1B7BBFC900D35088 /* main.m */ = {isa = PBXFileReference; lastKnownFileType = sourcecode.c.objc; path = main.m; sourceTree = "<group>"; };
		B23E4C1F1B7BBFC900D35088 /* AppDelegate.h */ = {isa = PBXFileReference; lastKnownFileType = sourcecode.c.h; path = AppDelegate.h; sourceTree = "<group>"; };
		B23E4C201B7BBFC900D35088 /* AppDelegate.m */ = {isa = PBXFileReference; lastKnownFileType = sourcecode.c.objc; path = AppDelegate.m; sourceTree = "<group>"; };
		B23E4C261B7BBFC900D35088 /* Base */ = {isa = PBXFileReference; lastKnownFileType = file.storyboard; name = Base; path = Base.lproj/Main.storyboard; sourceTree = "<group>"; };
		B23E4C281B7BBFC900D35088 /* Images.xcassets */ = {isa = PBXFileReference; lastKnownFileType = folder.assetcatalog; path = Images.xcassets; sourceTree = "<group>"; };
		B23E4C2B1B7BBFC900D35088 /* Base */ = {isa = PBXFileReference; lastKnownFileType = file.xib; name = Base; path = Base.lproj/LaunchScreen.xib; sourceTree = "<group>"; };
		B23E4C311B7BBFCA00D35088 /* AuthenticatorCircleTests.xctest */ = {isa = PBXFileReference; explicitFileType = wrapper.cfbundle; includeInIndex = 0; path = AuthenticatorCircleTests.xctest; sourceTree = BUILT_PRODUCTS_DIR; };
		B23E4C361B7BBFCA00D35088 /* Info.plist */ = {isa = PBXFileReference; lastKnownFileType = text.plist.xml; path = Info.plist; sourceTree = "<group>"; };
		B23E4C371B7BBFCA00D35088 /* AuthenticatorCircleTests.m */ = {isa = PBXFileReference; lastKnownFileType = sourcecode.c.objc; path = AuthenticatorCircleTests.m; sourceTree = "<group>"; };
		B23E4C441B7BC79E00D35088 /* ArcProgressView.h */ = {isa = PBXFileReference; fileEncoding = 4; lastKnownFileType = sourcecode.c.h; path = ArcProgressView.h; sourceTree = "<group>"; };
		B23E4C451B7BC79E00D35088 /* ArcProgressView.m */ = {isa = PBXFileReference; fileEncoding = 4; lastKnownFileType = sourcecode.c.objc; path = ArcProgressView.m; sourceTree = "<group>"; };
		B23E4C471B7BCAD200D35088 /* ShowAuthenticator.h */ = {isa = PBXFileReference; fileEncoding = 4; lastKnownFileType = sourcecode.c.h; path = ShowAuthenticator.h; sourceTree = "<group>"; };
		B23E4C481B7BCAD200D35088 /* ShowAuthenticator.m */ = {isa = PBXFileReference; fileEncoding = 4; lastKnownFileType = sourcecode.c.objc; path = ShowAuthenticator.m; sourceTree = "<group>"; };
		B23E4C4A1B7BCBBF00D35088 /* KeychainWrapper.h */ = {isa = PBXFileReference; fileEncoding = 4; lastKnownFileType = sourcecode.c.h; path = KeychainWrapper.h; sourceTree = "<group>"; };
		B23E4C4B1B7BCBBF00D35088 /* KeychainWrapper.m */ = {isa = PBXFileReference; fileEncoding = 4; lastKnownFileType = sourcecode.c.objc; path = KeychainWrapper.m; sourceTree = "<group>"; };
		B2438D1E1BB2281300EFB480 /* Base */ = {isa = PBXFileReference; lastKnownFileType = text.plist.xml; name = Base; path = Base.lproj/HelpContents.plist; sourceTree = "<group>"; };
		B25300391BB228E300CE87D2 /* zh-Hans */ = {isa = PBXFileReference; lastKnownFileType = text.plist.strings; name = "zh-Hans"; path = "zh-Hans.lproj/Main.strings"; sourceTree = "<group>"; };
		B253003A1BB228E300CE87D2 /* zh-Hans */ = {isa = PBXFileReference; lastKnownFileType = text.plist.strings; name = "zh-Hans"; path = "zh-Hans.lproj/LaunchScreen.strings"; sourceTree = "<group>"; };
		B253003B1BB228E400CE87D2 /* zh-Hans */ = {isa = PBXFileReference; lastKnownFileType = text.plist.xml; name = "zh-Hans"; path = "zh-Hans.lproj/HelpContents.plist"; sourceTree = "<group>"; };
		B253003C1BB228E400CE87D2 /* zh-Hans */ = {isa = PBXFileReference; lastKnownFileType = text.plist.strings; name = "zh-Hans"; path = "zh-Hans.lproj/Localizable.strings"; sourceTree = "<group>"; };
		B25E461B1B98E95E00C7FD60 /* RestoreAuthenticator.h */ = {isa = PBXFileReference; fileEncoding = 4; lastKnownFileType = sourcecode.c.h; path = RestoreAuthenticator.h; sourceTree = "<group>"; };
		B25E461C1B98E95E00C7FD60 /* RestoreAuthenticator.m */ = {isa = PBXFileReference; fileEncoding = 4; lastKnownFileType = sourcecode.c.objc; path = RestoreAuthenticator.m; sourceTree = "<group>"; };
		B265C7D91BAB7DD500DC238B /* UIButton+StyleButton.h */ = {isa = PBXFileReference; fileEncoding = 4; lastKnownFileType = sourcecode.c.h; path = "UIButton+StyleButton.h"; sourceTree = "<group>"; };
		B265C7DA1BAB7DD500DC238B /* UIButton+StyleButton.m */ = {isa = PBXFileReference; fileEncoding = 4; lastKnownFileType = sourcecode.c.objc; path = "UIButton+StyleButton.m"; sourceTree = "<group>"; };
		B267F5521B893C8E00FBB9B5 /* BG_Bastion.jpg */ = {isa = PBXFileReference; lastKnownFileType = image.jpeg; path = BG_Bastion.jpg; sourceTree = "<group>"; };
		B267F5531B893C8E00FBB9B5 /* BG_Hanzo.jpg */ = {isa = PBXFileReference; lastKnownFileType = image.jpeg; path = BG_Hanzo.jpg; sourceTree = "<group>"; };
		B267F5541B893C8E00FBB9B5 /* BG_Lucio.jpg */ = {isa = PBXFileReference; lastKnownFileType = image.jpeg; path = BG_Lucio.jpg; sourceTree = "<group>"; };
		B267F5551B893C8E00FBB9B5 /* BG_McCree.jpg */ = {isa = PBXFileReference; lastKnownFileType = image.jpeg; path = BG_McCree.jpg; sourceTree = "<group>"; };
		B267F5561B893C8E00FBB9B5 /* BG_Mercy.jpg */ = {isa = PBXFileReference; lastKnownFileType = image.jpeg; path = BG_Mercy.jpg; sourceTree = "<group>"; };
		B267F5571B893C8E00FBB9B5 /* BG_Pharah.jpg */ = {isa = PBXFileReference; lastKnownFileType = image.jpeg; path = BG_Pharah.jpg; sourceTree = "<group>"; };
		B267F5581B893C8E00FBB9B5 /* BG_Reaper.jpg */ = {isa = PBXFileReference; lastKnownFileType = image.jpeg; path = BG_Reaper.jpg; sourceTree = "<group>"; };
		B267F5591B893C8E00FBB9B5 /* BG_Reinhardt.jpg */ = {isa = PBXFileReference; lastKnownFileType = image.jpeg; path = BG_Reinhardt.jpg; sourceTree = "<group>"; };
		B267F55A1B893C8E00FBB9B5 /* BG_Soldier76.jpg */ = {isa = PBXFileReference; lastKnownFileType = image.jpeg; path = BG_Soldier76.jpg; sourceTree = "<group>"; };
		B267F55B1B893C8E00FBB9B5 /* BG_Symmetra.jpg */ = {isa = PBXFileReference; lastKnownFileType = image.jpeg; path = BG_Symmetra.jpg; sourceTree = "<group>"; };
		B267F55C1B893C8E00FBB9B5 /* BG_Torbjorn.jpg */ = {isa = PBXFileReference; lastKnownFileType = image.jpeg; path = BG_Torbjorn.jpg; sourceTree = "<group>"; };
		B267F55D1B893C8E00FBB9B5 /* BG_Tracer.jpg */ = {isa = PBXFileReference; lastKnownFileType = image.jpeg; path = BG_Tracer.jpg; sourceTree = "<group>"; };
		B267F55E1B893C8E00FBB9B5 /* BG_Widowmaker.jpg */ = {isa = PBXFileReference; lastKnownFileType = image.jpeg; path = BG_Widowmaker.jpg; sourceTree = "<group>"; };
		B267F55F1B893C8E00FBB9B5 /* BG_Winston.jpg */ = {isa = PBXFileReference; lastKnownFileType = image.jpeg; path = BG_Winston.jpg; sourceTree = "<group>"; };
		B267F5601B893C8E00FBB9B5 /* BG_Zarya.jpg */ = {isa = PBXFileReference; lastKnownFileType = image.jpeg; path = BG_Zarya.jpg; sourceTree = "<group>"; };
		B267F5611B893C8E00FBB9B5 /* BG_Zenyatta.jpg */ = {isa = PBXFileReference; lastKnownFileType = image.jpeg; path = BG_Zenyatta.jpg; sourceTree = "<group>"; };
		B26D8EC61BB20F8A00706539 /* Base */ = {isa = PBXFileReference; lastKnownFileType = text.plist.strings; name = Base; path = Base.lproj/Localizable.strings; sourceTree = "<group>"; };
		B27BE9E91BA7A1AE006FEBCC /* CloudIcon.png */ = {isa = PBXFileReference; lastKnownFileType = image.png; path = CloudIcon.png; sourceTree = "<group>"; };
		B27BE9EB1BA7A1B4006FEBCC /* WelcomeIcon.png */ = {isa = PBXFileReference; lastKnownFileType = image.png; path = WelcomeIcon.png; sourceTree = "<group>"; };
		B281E5241BA1FD3200736CC3 /* CompleteSign.png */ = {isa = PBXFileReference; lastKnownFileType = image.png; path = CompleteSign.png; sourceTree = "<group>"; };
		B281E5261BA205EB00736CC3 /* RestoreKeychainDone.h */ = {isa = PBXFileReference; fileEncoding = 4; lastKnownFileType = sourcecode.c.h; path = RestoreKeychainDone.h; sourceTree = "<group>"; };
		B281E5271BA205EB00736CC3 /* RestoreKeychainDone.m */ = {isa = PBXFileReference; fileEncoding = 4; lastKnownFileType = sourcecode.c.objc; path = RestoreKeychainDone.m; sourceTree = "<group>"; };
		B283C8321B7E6E840075D2C7 /* Prefix.h */ = {isa = PBXFileReference; fileEncoding = 4; lastKnownFileType = sourcecode.c.h; path = Prefix.h; sourceTree = "<group>"; };
		B2A60E4F1B814D7C001BB51F /* Help.png */ = {isa = PBXFileReference; lastKnownFileType = image.png; path = Help.png; sourceTree = "<group>"; };
		B2A60E501B814D7C001BB51F /* ResetAuthenticator.png */ = {isa = PBXFileReference; lastKnownFileType = image.png; path = ResetAuthenticator.png; sourceTree = "<group>"; };
		B2A60E511B814D7C001BB51F /* SendFeedback.png */ = {isa = PBXFileReference; lastKnownFileType = image.png; path = SendFeedback.png; sourceTree = "<group>"; };
		B2A60E521B814D7C001BB51F /* ViewRestoreCode.png */ = {isa = PBXFileReference; lastKnownFileType = image.png; path = ViewRestoreCode.png; sourceTree = "<group>"; };
		B2BC9C2C1B979F94004481BB /* UINavigationController+NavigationController.h */ = {isa = PBXFileReference; fileEncoding = 4; lastKnownFileType = sourcecode.c.h; path = "UINavigationController+NavigationController.h"; sourceTree = "<group>"; };
		B2BC9C2D1B979F94004481BB /* UINavigationController+NavigationController.m */ = {isa = PBXFileReference; fileEncoding = 4; lastKnownFileType = sourcecode.c.objc; path = "UINavigationController+NavigationController.m"; sourceTree = "<group>"; };
		B2C11F5A1BA37B2400E9C962 /* TTTAttributedLabel.h */ = {isa = PBXFileReference; fileEncoding = 4; lastKnownFileType = sourcecode.c.h; path = TTTAttributedLabel.h; sourceTree = "<group>"; };
		B2C11F5B1BA37B2400E9C962 /* TTTAttributedLabel.m */ = {isa = PBXFileReference; fileEncoding = 4; lastKnownFileType = sourcecode.c.objc; path = TTTAttributedLabel.m; sourceTree = "<group>"; };
		B2C249B91BB3312A00EAF253 /* AppIcon@2x.png */ = {isa = PBXFileReference; lastKnownFileType = image.png; path = "AppIcon@2x.png"; sourceTree = "<group>"; };
		B2C249BA1BB3312A00EAF253 /* AppIcon@3x.png */ = {isa = PBXFileReference; lastKnownFileType = image.png; path = "AppIcon@3x.png"; sourceTree = "<group>"; };
		B2C249BB1BB3312A00EAF253 /* SettingIcon@2x.png */ = {isa = PBXFileReference; lastKnownFileType = image.png; path = "SettingIcon@2x.png"; sourceTree = "<group>"; };
		B2C249BC1BB3312A00EAF253 /* SettingIcon@3x.png */ = {isa = PBXFileReference; lastKnownFileType = image.png; path = "SettingIcon@3x.png"; sourceTree = "<group>"; };
		B2D2C5641B9A1D9100AAA5C0 /* UITextField_Inset_PlaceholderFont.h */ = {isa = PBXFileReference; fileEncoding = 4; lastKnownFileType = sourcecode.c.h; path = UITextField_Inset_PlaceholderFont.h; sourceTree = "<group>"; };
		B2D2C5651B9A1D9100AAA5C0 /* UITextField_Inset_PlaceholderFont.m */ = {isa = PBXFileReference; fileEncoding = 4; lastKnownFileType = sourcecode.c.objc; path = UITextField_Inset_PlaceholderFont.m; sourceTree = "<group>"; };
		B2D469061BADFB6C004E76D3 /* FixInconsistency.h */ = {isa = PBXFileReference; fileEncoding = 4; lastKnownFileType = sourcecode.c.h; path = FixInconsistency.h; sourceTree = "<group>"; };
		B2D469071BADFB6C004E76D3 /* FixInconsistency.m */ = {isa = PBXFileReference; fileEncoding = 4; lastKnownFileType = sourcecode.c.objc; path = FixInconsistency.m; sourceTree = "<group>"; };
		B2D94D381B7D3FFB0010DE6C /* AuthenticatorSimulator.h */ = {isa = PBXFileReference; fileEncoding = 4; lastKnownFileType = sourcecode.c.h; path = AuthenticatorSimulator.h; sourceTree = "<group>"; };
		B2D94D391B7D3FFB0010DE6C /* AuthenticatorSimulator.m */ = {isa = PBXFileReference; fileEncoding = 4; lastKnownFileType = sourcecode.c.objc; path = AuthenticatorSimulator.m; sourceTree = "<group>"; };
		B2E7CC5C1B8BDE3B004EA14C /* ProcessingViewController.h */ = {isa = PBXFileReference; fileEncoding = 4; lastKnownFileType = sourcecode.c.h; path = ProcessingViewController.h; sourceTree = "<group>"; };
		B2E7CC5D1B8BDE3B004EA14C /* ProcessingViewController.m */ = {isa = PBXFileReference; fileEncoding = 4; lastKnownFileType = sourcecode.c.objc; path = ProcessingViewController.m; sourceTree = "<group>"; };
		B2E7CC5F1B8BF71C004EA14C /* AppBackground.jpg */ = {isa = PBXFileReference; lastKnownFileType = image.jpeg; path = AppBackground.jpg; sourceTree = "<group>"; };
		B2E7CC611B8BF8A4004EA14C /* BattleNet_Title.png */ = {isa = PBXFileReference; lastKnownFileType = image.png; path = BattleNet_Title.png; sourceTree = "<group>"; };
		B2EB9E831B8403B70054BA0E /* ViewRestoreCode.h */ = {isa = PBXFileReference; fileEncoding = 4; lastKnownFileType = sourcecode.c.h; path = ViewRestoreCode.h; sourceTree = "<group>"; };
		B2EB9E841B8403B70054BA0E /* ViewRestoreCode.m */ = {isa = PBXFileReference; fileEncoding = 4; lastKnownFileType = sourcecode.c.objc; path = ViewRestoreCode.m; sourceTree = "<group>"; };
		B2F406A41BA394C700E25474 /* HelpContent.h */ = {isa = PBXFileReference; fileEncoding = 4; lastKnownFileType = sourcecode.c.h; path = HelpContent.h; sourceTree = "<group>"; };
		B2F406A51BA394C700E25474 /* HelpContent.m */ = {isa = PBXFileReference; fileEncoding = 4; lastKnownFileType = sourcecode.c.objc; path = HelpContent.m; sourceTree = "<group>"; };
		B2F406A71BA394D800E25474 /* HelpList.h */ = {isa = PBXFileReference; fileEncoding = 4; lastKnownFileType = sourcecode.c.h; path = HelpList.h; sourceTree = "<group>"; };
		B2F406A81BA394D800E25474 /* HelpList.m */ = {isa = PBXFileReference; fileEncoding = 4; lastKnownFileType = sourcecode.c.objc; path = HelpList.m; sourceTree = "<group>"; };
/* End PBXFileReference section */

/* Begin PBXFrameworksBuildPhase section */
		B23E4C151B7BBFC900D35088 /* Frameworks */ = {
			isa = PBXFrameworksBuildPhase;
			buildActionMask = 2147483647;
			files = (
			);
			runOnlyForDeploymentPostprocessing = 0;
		};
		B23E4C2E1B7BBFCA00D35088 /* Frameworks */ = {
			isa = PBXFrameworksBuildPhase;
			buildActionMask = 2147483647;
			files = (
			);
			runOnlyForDeploymentPostprocessing = 0;
		};
/* End PBXFrameworksBuildPhase section */

/* Begin PBXGroup section */
		B23694BB1BB322F200D747A3 /* Configuration */ = {
			isa = PBXGroup;
			children = (
				B23694BA1BB318E900D747A3 /* Release.xcconfig */,
				B23694B91BB3119A00D747A3 /* Debug.xcconfig */,
			);
			path = Configuration;
			sourceTree = "<group>";
		};
		B23E4C0F1B7BBFC900D35088 = {
			isa = PBXGroup;
			children = (
				B23E4C1A1B7BBFC900D35088 /* AuthenticatorCircle */,
				B23E4C341B7BBFCA00D35088 /* AuthenticatorCircleTests */,
				B23E4C191B7BBFC900D35088 /* Products */,
			);
			sourceTree = "<group>";
		};
		B23E4C191B7BBFC900D35088 /* Products */ = {
			isa = PBXGroup;
			children = (
				B23E4C181B7BBFC900D35088 /* AuthenticatorCircle.app */,
				B23E4C311B7BBFCA00D35088 /* AuthenticatorCircleTests.xctest */,
			);
			name = Products;
			sourceTree = "<group>";
		};
		B23E4C1A1B7BBFC900D35088 /* AuthenticatorCircle */ = {
			isa = PBXGroup;
			children = (
				B23E4C1F1B7BBFC900D35088 /* AppDelegate.h */,
				B23E4C201B7BBFC900D35088 /* AppDelegate.m */,
				B2A60E4E1B814D7C001BB51F /* Icon */,
				B267F5511B893C8E00FBB9B5 /* BgImages */,
				B27BE9E61BA79BD1006FEBCC /* AuthenticatorOperation */,
				B27BE9E81BA79C0C006FEBCC /* UIControlCustomization */,
				B27BE9E71BA79BFA006FEBCC /* ViewControllers */,
				B23E4C251B7BBFC900D35088 /* Main.storyboard */,
				B23E4C281B7BBFC900D35088 /* Images.xcassets */,
				B23E4C2A1B7BBFC900D35088 /* LaunchScreen.xib */,
				B23694BB1BB322F200D747A3 /* Configuration */,
				B23E4C1B1B7BBFC900D35088 /* Supporting Files */,
			);
			path = AuthenticatorCircle;
			sourceTree = "<group>";
		};
		B23E4C1B1B7BBFC900D35088 /* Supporting Files */ = {
			isa = PBXGroup;
			children = (
				B2438D1F1BB2281300EFB480 /* HelpContents.plist */,
				B2293DE21B8D1071004B9A3E /* AuthenticatorCircle.entitlements */,
				B2384D6D1BB07717000D80BE /* Configuration.plist */,
				B26D8EC71BB20F8A00706539 /* Localizable.strings */,
				B283C8321B7E6E840075D2C7 /* Prefix.h */,
				A12EE3D91B8593EB005DDCFC /* AuthenticatorCircle-Prefix.pch */,
				B22B5CE81BB22FE0001CAF7A /* Info.plist */,
				B22B5CE51BB22D34001CAF7A /* InfoPlist.strings */,
				B23E4C1D1B7BBFC900D35088 /* main.m */,
			);
			name = "Supporting Files";
			sourceTree = "<group>";
		};
		B23E4C341B7BBFCA00D35088 /* AuthenticatorCircleTests */ = {
			isa = PBXGroup;
			children = (
				B23E4C371B7BBFCA00D35088 /* AuthenticatorCircleTests.m */,
				B23E4C351B7BBFCA00D35088 /* Supporting Files */,
			);
			path = AuthenticatorCircleTests;
			sourceTree = "<group>";
		};
		B23E4C351B7BBFCA00D35088 /* Supporting Files */ = {
			isa = PBXGroup;
			children = (
				B23E4C361B7BBFCA00D35088 /* Info.plist */,
			);
			name = "Supporting Files";
			sourceTree = "<group>";
		};
		B267F5511B893C8E00FBB9B5 /* BgImages */ = {
			isa = PBXGroup;
			children = (
				B2E7CC5F1B8BF71C004EA14C /* AppBackground.jpg */,
				B267F5521B893C8E00FBB9B5 /* BG_Bastion.jpg */,
				B267F5531B893C8E00FBB9B5 /* BG_Hanzo.jpg */,
				B267F5541B893C8E00FBB9B5 /* BG_Lucio.jpg */,
				B267F5551B893C8E00FBB9B5 /* BG_McCree.jpg */,
				B267F5561B893C8E00FBB9B5 /* BG_Mercy.jpg */,
				B267F5571B893C8E00FBB9B5 /* BG_Pharah.jpg */,
				B267F5581B893C8E00FBB9B5 /* BG_Reaper.jpg */,
				B267F5591B893C8E00FBB9B5 /* BG_Reinhardt.jpg */,
				B267F55A1B893C8E00FBB9B5 /* BG_Soldier76.jpg */,
				B267F55B1B893C8E00FBB9B5 /* BG_Symmetra.jpg */,
				B267F55C1B893C8E00FBB9B5 /* BG_Torbjorn.jpg */,
				B267F55D1B893C8E00FBB9B5 /* BG_Tracer.jpg */,
				B267F55E1B893C8E00FBB9B5 /* BG_Widowmaker.jpg */,
				B267F55F1B893C8E00FBB9B5 /* BG_Winston.jpg */,
				B267F5601B893C8E00FBB9B5 /* BG_Zarya.jpg */,
				B267F5611B893C8E00FBB9B5 /* BG_Zenyatta.jpg */,
			);
			path = BgImages;
			sourceTree = "<group>";
		};
		B27BE9E61BA79BD1006FEBCC /* AuthenticatorOperation */ = {
			isa = PBXGroup;
			children = (
				B2D94D3B1B7D4BA20010DE6C /* Simulator */,
				B2D94D3D1B7D60070010DE6C /* KeychainWrapper */,
				A1827DEF1BA68EFA0090783B /* AuthenticatorOperation.h */,
				A1827DF01BA68EFA0090783B /* AuthenticatorOperation.m */,
			);
			path = AuthenticatorOperation;
			sourceTree = "<group>";
		};
		B27BE9E71BA79BFA006FEBCC /* ViewControllers */ = {
			isa = PBXGroup;
			children = (
				B23E4C471B7BCAD200D35088 /* ShowAuthenticator.h */,
				B23E4C481B7BCAD200D35088 /* ShowAuthenticator.m */,
				A1D368031B8049550034F8F5 /* Menu.h */,
				A1D368041B8049550034F8F5 /* Menu.m */,
				B2EB9E831B8403B70054BA0E /* ViewRestoreCode.h */,
				B2EB9E841B8403B70054BA0E /* ViewRestoreCode.m */,
				A11E5D211B8ADE7800D2BA8A /* ResetAuthenticator.h */,
				A11E5D221B8ADE7800D2BA8A /* ResetAuthenticator.m */,
				B2E7CC5C1B8BDE3B004EA14C /* ProcessingViewController.h */,
				B2E7CC5D1B8BDE3B004EA14C /* ProcessingViewController.m */,
				A1832E471B8C2BF4005D3238 /* InitialViewController.h */,
				A1832E481B8C2BF4005D3238 /* InitialViewController.m */,
				B2293DE61B8D3813004B9A3E /* SetUpAuthenticator.h */,
				B2293DE71B8D3813004B9A3E /* SetUpAuthenticator.m */,
				A19074B81B92B5380000526C /* SetUpAuthenticatorDone.h */,
				A19074B91B92B5380000526C /* SetUpAuthenticatorDone.m */,
				B25E461B1B98E95E00C7FD60 /* RestoreAuthenticator.h */,
				B25E461C1B98E95E00C7FD60 /* RestoreAuthenticator.m */,
				B22D0BC71B991B4D00BD1857 /* RestoreWithRestoreCode.h */,
				B22D0BC81B991B4D00BD1857 /* RestoreWithRestoreCode.m */,
				B281E5261BA205EB00736CC3 /* RestoreKeychainDone.h */,
				B281E5271BA205EB00736CC3 /* RestoreKeychainDone.m */,
				B2F406A71BA394D800E25474 /* HelpList.h */,
				B2F406A81BA394D800E25474 /* HelpList.m */,
				B2F406A41BA394C700E25474 /* HelpContent.h */,
				B2F406A51BA394C700E25474 /* HelpContent.m */,
				B23DD22B1BA8F6BD00A5B9B9 /* WelcomePageView.h */,
				B23DD22C1BA8F6BD00A5B9B9 /* WelcomePageView.m */,
				A1C137D31BAA3B3700D8C92A /* WelcomeHomePage.h */,
				A1C137D41BAA3B3700D8C92A /* WelcomeHomePage.m */,
				A1C137D61BAA3BA700D8C92A /* WelcomeSyncWithiCloud.h */,
				A1C137D71BAA3BA700D8C92A /* WelcomeSyncWithiCloud.m */,
				B2D469061BADFB6C004E76D3 /* FixInconsistency.h */,
				B2D469071BADFB6C004E76D3 /* FixInconsistency.m */,
			);
			path = ViewControllers;
			sourceTree = "<group>";
		};
		B27BE9E81BA79C0C006FEBCC /* UIControlCustomization */ = {
			isa = PBXGroup;
			children = (
				B2D94D3C1B7D4BAE0010DE6C /* ArcProgressView */,
				B2C11F591BA37B2400E9C962 /* TTTAttributedLabel */,
				B2D2C5641B9A1D9100AAA5C0 /* UITextField_Inset_PlaceholderFont.h */,
				B2D2C5651B9A1D9100AAA5C0 /* UITextField_Inset_PlaceholderFont.m */,
				B2BC9C2C1B979F94004481BB /* UINavigationController+NavigationController.h */,
				B2BC9C2D1B979F94004481BB /* UINavigationController+NavigationController.m */,
				B265C7D91BAB7DD500DC238B /* UIButton+StyleButton.h */,
				B265C7DA1BAB7DD500DC238B /* UIButton+StyleButton.m */,
			);
			path = UIControlCustomization;
			sourceTree = "<group>";
		};
		B2A60E4E1B814D7C001BB51F /* Icon */ = {
			isa = PBXGroup;
			children = (
				B2C249B91BB3312A00EAF253 /* AppIcon@2x.png */,
				B2C249BA1BB3312A00EAF253 /* AppIcon@3x.png */,
				B2C249BB1BB3312A00EAF253 /* SettingIcon@2x.png */,
				B2C249BC1BB3312A00EAF253 /* SettingIcon@3x.png */,
				B27BE9E91BA7A1AE006FEBCC /* CloudIcon.png */,
				B281E5241BA1FD3200736CC3 /* CompleteSign.png */,
				B2E7CC611B8BF8A4004EA14C /* BattleNet_Title.png */,
				B2A60E4F1B814D7C001BB51F /* Help.png */,
				B2A60E501B814D7C001BB51F /* ResetAuthenticator.png */,
				B2A60E511B814D7C001BB51F /* SendFeedback.png */,
				B2A60E521B814D7C001BB51F /* ViewRestoreCode.png */,
				A11E5D1F1B8AD6DA00D2BA8A /* WarningSign.png */,
				B27BE9EB1BA7A1B4006FEBCC /* WelcomeIcon.png */,
			);
			path = Icon;
			sourceTree = "<group>";
		};
		B2C11F591BA37B2400E9C962 /* TTTAttributedLabel */ = {
			isa = PBXGroup;
			children = (
				B2C11F5A1BA37B2400E9C962 /* TTTAttributedLabel.h */,
				B2C11F5B1BA37B2400E9C962 /* TTTAttributedLabel.m */,
			);
			path = TTTAttributedLabel;
			sourceTree = "<group>";
		};
		B2D94D3B1B7D4BA20010DE6C /* Simulator */ = {
			isa = PBXGroup;
			children = (
				B2D94D381B7D3FFB0010DE6C /* AuthenticatorSimulator.h */,
				B2D94D391B7D3FFB0010DE6C /* AuthenticatorSimulator.m */,
			);
			name = Simulator;
			path = AuthenticatorSimulator;
			sourceTree = "<group>";
		};
		B2D94D3C1B7D4BAE0010DE6C /* ArcProgressView */ = {
			isa = PBXGroup;
			children = (
				B23E4C441B7BC79E00D35088 /* ArcProgressView.h */,
				B23E4C451B7BC79E00D35088 /* ArcProgressView.m */,
			);
			name = ArcProgressView;
			sourceTree = "<group>";
		};
		B2D94D3D1B7D60070010DE6C /* KeychainWrapper */ = {
			isa = PBXGroup;
			children = (
				B23E4C4A1B7BCBBF00D35088 /* KeychainWrapper.h */,
				B23E4C4B1B7BCBBF00D35088 /* KeychainWrapper.m */,
			);
			path = KeychainWrapper;
			sourceTree = "<group>";
		};
/* End PBXGroup section */

/* Begin PBXNativeTarget section */
		B23E4C171B7BBFC900D35088 /* AuthenticatorCircle */ = {
			isa = PBXNativeTarget;
			buildConfigurationList = B23E4C3B1B7BBFCA00D35088 /* Build configuration list for PBXNativeTarget "AuthenticatorCircle" */;
			buildPhases = (
				B23E4C141B7BBFC900D35088 /* Sources */,
				B23E4C151B7BBFC900D35088 /* Frameworks */,
				B23E4C161B7BBFC900D35088 /* Resources */,
			);
			buildRules = (
			);
			dependencies = (
			);
			name = AuthenticatorCircle;
			productName = AuthenticatorCircle;
			productReference = B23E4C181B7BBFC900D35088 /* AuthenticatorCircle.app */;
			productType = "com.apple.product-type.application";
		};
		B23E4C301B7BBFCA00D35088 /* AuthenticatorCircleTests */ = {
			isa = PBXNativeTarget;
			buildConfigurationList = B23E4C3E1B7BBFCA00D35088 /* Build configuration list for PBXNativeTarget "AuthenticatorCircleTests" */;
			buildPhases = (
				B23E4C2D1B7BBFCA00D35088 /* Sources */,
				B23E4C2E1B7BBFCA00D35088 /* Frameworks */,
				B23E4C2F1B7BBFCA00D35088 /* Resources */,
			);
			buildRules = (
			);
			dependencies = (
				B23E4C331B7BBFCA00D35088 /* PBXTargetDependency */,
			);
			name = AuthenticatorCircleTests;
			productName = AuthenticatorCircleTests;
			productReference = B23E4C311B7BBFCA00D35088 /* AuthenticatorCircleTests.xctest */;
			productType = "com.apple.product-type.bundle.unit-test";
		};
/* End PBXNativeTarget section */

/* Begin PBXProject section */
		B23E4C101B7BBFC900D35088 /* Project object */ = {
			isa = PBXProject;
			attributes = {
				LastUpgradeCheck = 0700;
				ORGANIZATIONNAME = "Andy Xu";
				TargetAttributes = {
					B23E4C171B7BBFC900D35088 = {
						CreatedOnToolsVersion = 6.4;
						DevelopmentTeam = 96U9EGGZ95;
						SystemCapabilities = {
							com.apple.Keychain = {
								enabled = 1;
							};
						};
					};
					B23E4C301B7BBFCA00D35088 = {
						CreatedOnToolsVersion = 6.4;
						TestTargetID = B23E4C171B7BBFC900D35088;
					};
				};
			};
			buildConfigurationList = B23E4C131B7BBFC900D35088 /* Build configuration list for PBXProject "AuthenticatorCircle" */;
			compatibilityVersion = "Xcode 3.2";
			developmentRegion = English;
			hasScannedForEncodings = 0;
			knownRegions = (
				en,
				Base,
				"zh-Hans",
			);
			mainGroup = B23E4C0F1B7BBFC900D35088;
			productRefGroup = B23E4C191B7BBFC900D35088 /* Products */;
			projectDirPath = "";
			projectRoot = "";
			targets = (
				B23E4C171B7BBFC900D35088 /* AuthenticatorCircle */,
				B23E4C301B7BBFCA00D35088 /* AuthenticatorCircleTests */,
			);
		};
/* End PBXProject section */

/* Begin PBXResourcesBuildPhase section */
		B23E4C161B7BBFC900D35088 /* Resources */ = {
			isa = PBXResourcesBuildPhase;
			buildActionMask = 2147483647;
			files = (
				A11E5D201B8AD6DA00D2BA8A /* WarningSign.png in Resources */,
				B27BE9EC1BA7A1B4006FEBCC /* WelcomeIcon.png in Resources */,
				B267F5701B893C8E00FBB9B5 /* BG_Zarya.jpg in Resources */,
				B2438D1D1BB2281300EFB480 /* HelpContents.plist in Resources */,
				B2A60E531B814D7C001BB51F /* Help.png in Resources */,
				B2E7CC601B8BF71C004EA14C /* AppBackground.jpg in Resources */,
				B267F5631B893C8E00FBB9B5 /* BG_Hanzo.jpg in Resources */,
				B2C249BD1BB3312A00EAF253 /* AppIcon@2x.png in Resources */,
				B281E5251BA1FD3200736CC3 /* CompleteSign.png in Resources */,
				B2E7CC621B8BF8A4004EA14C /* BattleNet_Title.png in Resources */,
				B23E4C271B7BBFC900D35088 /* Main.storyboard in Resources */,
				B22B5CE91BB22FE0001CAF7A /* Info.plist in Resources */,
				B267F56F1B893C8E00FBB9B5 /* BG_Winston.jpg in Resources */,
				B267F56E1B893C8E00FBB9B5 /* BG_Widowmaker.jpg in Resources */,
				B267F5711B893C8E00FBB9B5 /* BG_Zenyatta.jpg in Resources */,
				B2A60E551B814D7C001BB51F /* SendFeedback.png in Resources */,
				B267F56B1B893C8E00FBB9B5 /* BG_Symmetra.jpg in Resources */,
				B2A60E561B814D7C001BB51F /* ViewRestoreCode.png in Resources */,
				B2A60E541B814D7C001BB51F /* ResetAuthenticator.png in Resources */,
				B26D8EC51BB20F8A00706539 /* Localizable.strings in Resources */,
				B2384D6B1BB07717000D80BE /* Configuration.plist in Resources */,
				B267F56C1B893C8E00FBB9B5 /* BG_Torbjorn.jpg in Resources */,
				B23E4C2C1B7BBFC900D35088 /* LaunchScreen.xib in Resources */,
				B2C249BF1BB3312A00EAF253 /* SettingIcon@2x.png in Resources */,
				B267F5691B893C8E00FBB9B5 /* BG_Reinhardt.jpg in Resources */,
				B267F5661B893C8E00FBB9B5 /* BG_Mercy.jpg in Resources */,
				B23E4C291B7BBFC900D35088 /* Images.xcassets in Resources */,
				B2C249BE1BB3312A00EAF253 /* AppIcon@3x.png in Resources */,
				B267F56D1B893C8E00FBB9B5 /* BG_Tracer.jpg in Resources */,
				B267F5621B893C8E00FBB9B5 /* BG_Bastion.jpg in Resources */,
				B267F5641B893C8E00FBB9B5 /* BG_Lucio.jpg in Resources */,
				B2C249C01BB3312A00EAF253 /* SettingIcon@3x.png in Resources */,
				B267F5671B893C8E00FBB9B5 /* BG_Pharah.jpg in Resources */,
				B267F5651B893C8E00FBB9B5 /* BG_McCree.jpg in Resources */,
				B267F5681B893C8E00FBB9B5 /* BG_Reaper.jpg in Resources */,
				B267F56A1B893C8E00FBB9B5 /* BG_Soldier76.jpg in Resources */,
				B22B5CE71BB22D34001CAF7A /* InfoPlist.strings in Resources */,
				B27BE9EA1BA7A1AE006FEBCC /* CloudIcon.png in Resources */,
			);
			runOnlyForDeploymentPostprocessing = 0;
		};
		B23E4C2F1B7BBFCA00D35088 /* Resources */ = {
			isa = PBXResourcesBuildPhase;
			buildActionMask = 2147483647;
			files = (
			);
			runOnlyForDeploymentPostprocessing = 0;
		};
/* End PBXResourcesBuildPhase section */

/* Begin PBXSourcesBuildPhase section */
		B23E4C141B7BBFC900D35088 /* Sources */ = {
			isa = PBXSourcesBuildPhase;
			buildActionMask = 2147483647;
			files = (
				B2293DE81B8D3813004B9A3E /* SetUpAuthenticator.m in Sources */,
				B23E4C211B7BBFC900D35088 /* AppDelegate.m in Sources */,
				B22D0BC91B991B4D00BD1857 /* RestoreWithRestoreCode.m in Sources */,
				B265C7DB1BAB7DD500DC238B /* UIButton+StyleButton.m in Sources */,
				A1D368051B8049550034F8F5 /* Menu.m in Sources */,
				B281E5281BA205EB00736CC3 /* RestoreKeychainDone.m in Sources */,
				B23E4C491B7BCAD200D35088 /* ShowAuthenticator.m in Sources */,
				B25E461D1B98E95E00C7FD60 /* RestoreAuthenticator.m in Sources */,
				A1827DF11BA68EFA0090783B /* AuthenticatorOperation.m in Sources */,
				A19074BA1B92B5380000526C /* SetUpAuthenticatorDone.m in Sources */,
				B2F406A61BA394C700E25474 /* HelpContent.m in Sources */,
				B2C11F5C1BA37B2400E9C962 /* TTTAttributedLabel.m in Sources */,
				B2D469081BADFB6C004E76D3 /* FixInconsistency.m in Sources */,
				B2D94D3A1B7D3FFB0010DE6C /* AuthenticatorSimulator.m in Sources */,
				B2F406A91BA394D800E25474 /* HelpList.m in Sources */,
				B2BC9C2E1B979F94004481BB /* UINavigationController+NavigationController.m in Sources */,
				B23E4C4C1B7BCBBF00D35088 /* KeychainWrapper.m in Sources */,
				B2E7CC5E1B8BDE3B004EA14C /* ProcessingViewController.m in Sources */,
				B23DD22D1BA8F6BD00A5B9B9 /* WelcomePageView.m in Sources */,
				B23E4C461B7BC79E00D35088 /* ArcProgressView.m in Sources */,
				B2EB9E851B8403B70054BA0E /* ViewRestoreCode.m in Sources */,
				B2D2C5661B9A1D9100AAA5C0 /* UITextField_Inset_PlaceholderFont.m in Sources */,
				A1832E491B8C2BF4005D3238 /* InitialViewController.m in Sources */,
				B23E4C1E1B7BBFC900D35088 /* main.m in Sources */,
				A1C137D81BAA3BA700D8C92A /* WelcomeSyncWithiCloud.m in Sources */,
				A1C137D51BAA3B3700D8C92A /* WelcomeHomePage.m in Sources */,
				A11E5D231B8ADE7800D2BA8A /* ResetAuthenticator.m in Sources */,
			);
			runOnlyForDeploymentPostprocessing = 0;
		};
		B23E4C2D1B7BBFCA00D35088 /* Sources */ = {
			isa = PBXSourcesBuildPhase;
			buildActionMask = 2147483647;
			files = (
				B23E4C381B7BBFCA00D35088 /* AuthenticatorCircleTests.m in Sources */,
			);
			runOnlyForDeploymentPostprocessing = 0;
		};
/* End PBXSourcesBuildPhase section */

/* Begin PBXTargetDependency section */
		B23E4C331B7BBFCA00D35088 /* PBXTargetDependency */ = {
			isa = PBXTargetDependency;
			target = B23E4C171B7BBFC900D35088 /* AuthenticatorCircle */;
			targetProxy = B23E4C321B7BBFCA00D35088 /* PBXContainerItemProxy */;
		};
/* End PBXTargetDependency section */

/* Begin PBXVariantGroup section */
		B22B5CE51BB22D34001CAF7A /* InfoPlist.strings */ = {
			isa = PBXVariantGroup;
			children = (
				B22B5CE61BB22D34001CAF7A /* zh-Hans */,
			);
			name = InfoPlist.strings;
			sourceTree = "<group>";
		};
		B2384D6D1BB07717000D80BE /* Configuration.plist */ = {
			isa = PBXVariantGroup;
			children = (
				B2384D6C1BB07717000D80BE /* Base */,
			);
			name = Configuration.plist;
			sourceTree = "<group>";
		};
		B23E4C251B7BBFC900D35088 /* Main.storyboard */ = {
			isa = PBXVariantGroup;
			children = (
				B23E4C261B7BBFC900D35088 /* Base */,
				B25300391BB228E300CE87D2 /* zh-Hans */,
			);
			name = Main.storyboard;
			sourceTree = "<group>";
		};
		B23E4C2A1B7BBFC900D35088 /* LaunchScreen.xib */ = {
			isa = PBXVariantGroup;
			children = (
				B23E4C2B1B7BBFC900D35088 /* Base */,
				B253003A1BB228E300CE87D2 /* zh-Hans */,
			);
			name = LaunchScreen.xib;
			sourceTree = "<group>";
		};
		B2438D1F1BB2281300EFB480 /* HelpContents.plist */ = {
			isa = PBXVariantGroup;
			children = (
				B2438D1E1BB2281300EFB480 /* Base */,
				B253003B1BB228E400CE87D2 /* zh-Hans */,
			);
			name = HelpContents.plist;
			sourceTree = "<group>";
		};
		B26D8EC71BB20F8A00706539 /* Localizable.strings */ = {
			isa = PBXVariantGroup;
			children = (
				B26D8EC61BB20F8A00706539 /* Base */,
				B253003C1BB228E400CE87D2 /* zh-Hans */,
			);
			name = Localizable.strings;
			sourceTree = "<group>";
		};
/* End PBXVariantGroup section */

/* Begin XCBuildConfiguration section */
		B23E4C391B7BBFCA00D35088 /* Debug */ = {
			isa = XCBuildConfiguration;
			buildSettings = {
				ALWAYS_SEARCH_USER_PATHS = NO;
				CLANG_CXX_LANGUAGE_STANDARD = "gnu++0x";
				CLANG_CXX_LIBRARY = "libc++";
				CLANG_ENABLE_MODULES = YES;
				CLANG_ENABLE_OBJC_ARC = YES;
				CLANG_WARN_BOOL_CONVERSION = YES;
				CLANG_WARN_CONSTANT_CONVERSION = YES;
				CLANG_WARN_DIRECT_OBJC_ISA_USAGE = YES_ERROR;
				CLANG_WARN_EMPTY_BODY = YES;
				CLANG_WARN_ENUM_CONVERSION = YES;
				CLANG_WARN_INT_CONVERSION = YES;
				CLANG_WARN_OBJC_ROOT_CLASS = YES_ERROR;
				CLANG_WARN_UNREACHABLE_CODE = NO;
				CLANG_WARN__DUPLICATE_METHOD_MATCH = YES;
				"CODE_SIGN_IDENTITY[sdk=iphoneos*]" = "iPhone Developer";
				COPY_PHASE_STRIP = NO;
				DEBUG_INFORMATION_FORMAT = "dwarf-with-dsym";
				ENABLE_STRICT_OBJC_MSGSEND = NO;
				ENABLE_TESTABILITY = YES;
				GCC_C_LANGUAGE_STANDARD = gnu99;
				GCC_DYNAMIC_NO_PIC = NO;
				GCC_NO_COMMON_BLOCKS = NO;
				GCC_OPTIMIZATION_LEVEL = 0;
				GCC_PRECOMPILE_PREFIX_HEADER = YES;
				GCC_PREFIX_HEADER = "$(SRCROOT)/AuthenticatorCircle/AuthenticatorCircle-Prefix.pch";
				GCC_PREPROCESSOR_DEFINITIONS = (
					"DEBUG=1",
					"$(inherited)",
				);
				GCC_SYMBOLS_PRIVATE_EXTERN = NO;
				GCC_WARN_64_TO_32_BIT_CONVERSION = YES;
				GCC_WARN_ABOUT_RETURN_TYPE = YES_ERROR;
				GCC_WARN_UNDECLARED_SELECTOR = YES;
				GCC_WARN_UNINITIALIZED_AUTOS = YES;
				GCC_WARN_UNUSED_FUNCTION = YES;
				GCC_WARN_UNUSED_VARIABLE = YES;
				IPHONEOS_DEPLOYMENT_TARGET = 8.0;
				MTL_ENABLE_DEBUG_INFO = YES;
				ONLY_ACTIVE_ARCH = YES;
				SDKROOT = iphoneos;
			};
			name = Debug;
		};
		B23E4C3A1B7BBFCA00D35088 /* Release */ = {
			isa = XCBuildConfiguration;
			buildSettings = {
				ALWAYS_SEARCH_USER_PATHS = NO;
				CLANG_CXX_LANGUAGE_STANDARD = "gnu++0x";
				CLANG_CXX_LIBRARY = "libc++";
				CLANG_ENABLE_MODULES = YES;
				CLANG_ENABLE_OBJC_ARC = YES;
				CLANG_WARN_BOOL_CONVERSION = YES;
				CLANG_WARN_CONSTANT_CONVERSION = YES;
				CLANG_WARN_DIRECT_OBJC_ISA_USAGE = YES_ERROR;
				CLANG_WARN_EMPTY_BODY = YES;
				CLANG_WARN_ENUM_CONVERSION = YES;
				CLANG_WARN_INT_CONVERSION = YES;
				CLANG_WARN_OBJC_ROOT_CLASS = YES_ERROR;
				CLANG_WARN_UNREACHABLE_CODE = NO;
				CLANG_WARN__DUPLICATE_METHOD_MATCH = YES;
				"CODE_SIGN_IDENTITY[sdk=iphoneos*]" = "iPhone Developer";
				COPY_PHASE_STRIP = YES;
				DEBUG_INFORMATION_FORMAT = "dwarf-with-dsym";
				ENABLE_NS_ASSERTIONS = NO;
				ENABLE_STRICT_OBJC_MSGSEND = NO;
				GCC_C_LANGUAGE_STANDARD = gnu99;
				GCC_NO_COMMON_BLOCKS = NO;
				GCC_PRECOMPILE_PREFIX_HEADER = YES;
				GCC_PREFIX_HEADER = "$(SRCROOT)/AuthenticatorCircle/AuthenticatorCircle-Prefix.pch";
				GCC_WARN_64_TO_32_BIT_CONVERSION = YES;
				GCC_WARN_ABOUT_RETURN_TYPE = YES_ERROR;
				GCC_WARN_UNDECLARED_SELECTOR = YES;
				GCC_WARN_UNINITIALIZED_AUTOS = YES;
				GCC_WARN_UNUSED_FUNCTION = YES;
				GCC_WARN_UNUSED_VARIABLE = YES;
				IPHONEOS_DEPLOYMENT_TARGET = 8.0;
				MTL_ENABLE_DEBUG_INFO = NO;
				SDKROOT = iphoneos;
				VALIDATE_PRODUCT = YES;
			};
			name = Release;
		};
		B23E4C3C1B7BBFCA00D35088 /* Debug */ = {
			isa = XCBuildConfiguration;
			baseConfigurationReference = B23694B91BB3119A00D747A3 /* Debug.xcconfig */;
			buildSettings = {
				ASSETCATALOG_COMPILER_APPICON_NAME = AppIcon;
				CODE_SIGN_ENTITLEMENTS = AuthenticatorCircle/AuthenticatorCircle.entitlements;
				CODE_SIGN_IDENTITY = "iPhone Developer";
				"CODE_SIGN_IDENTITY[sdk=iphoneos*]" = "iPhone Developer";
				INFOPLIST_FILE = AuthenticatorCircle/Info.plist;
				LD_RUNPATH_SEARCH_PATHS = "$(inherited) @executable_path/Frameworks";
				PRODUCT_BUNDLE_IDENTIFIER = "Axu.$(PRODUCT_NAME:rfc1034identifier)";
				PRODUCT_NAME = "$(TARGET_NAME)";
				PROVISIONING_PROFILE = "";
			};
			name = Debug;
		};
		B23E4C3D1B7BBFCA00D35088 /* Release */ = {
			isa = XCBuildConfiguration;
			baseConfigurationReference = B23694BA1BB318E900D747A3 /* Release.xcconfig */;
			buildSettings = {
				ASSETCATALOG_COMPILER_APPICON_NAME = AppIcon;
				CODE_SIGN_ENTITLEMENTS = AuthenticatorCircle/AuthenticatorCircle.entitlements;
				CODE_SIGN_IDENTITY = "iPhone Developer";
				"CODE_SIGN_IDENTITY[sdk=iphoneos*]" = "iPhone Developer";
				INFOPLIST_FILE = AuthenticatorCircle/Info.plist;
				LD_RUNPATH_SEARCH_PATHS = "$(inherited) @executable_path/Frameworks";
				PRODUCT_BUNDLE_IDENTIFIER = "Axu.$(PRODUCT_NAME:rfc1034identifier)";
				PRODUCT_NAME = "$(TARGET_NAME)";
				PROVISIONING_PROFILE = "";
			};
			name = Release;
		};
		B23E4C3F1B7BBFCA00D35088 /* Debug */ = {
			isa = XCBuildConfiguration;
			buildSettings = {
				BUNDLE_LOADER = "$(TEST_HOST)";
				FRAMEWORK_SEARCH_PATHS = (
					"$(SDKROOT)/Developer/Library/Frameworks",
					"$(inherited)",
				);
				GCC_PREPROCESSOR_DEFINITIONS = (
					"DEBUG=1",
					"$(inherited)",
				);
				INFOPLIST_FILE = AuthenticatorCircleTests/Info.plist;
				LD_RUNPATH_SEARCH_PATHS = "$(inherited) @executable_path/Frameworks @loader_path/Frameworks";
				PRODUCT_BUNDLE_IDENTIFIER = "Axu.$(PRODUCT_NAME:rfc1034identifier)";
				PRODUCT_NAME = "$(TARGET_NAME)";
				TEST_HOST = "$(BUILT_PRODUCTS_DIR)/AuthenticatorCircle.app/AuthenticatorCircle";
			};
			name = Debug;
		};
		B23E4C401B7BBFCA00D35088 /* Release */ = {
			isa = XCBuildConfiguration;
			buildSettings = {
				BUNDLE_LOADER = "$(TEST_HOST)";
				FRAMEWORK_SEARCH_PATHS = (
					"$(SDKROOT)/Developer/Library/Frameworks",
					"$(inherited)",
				);
				INFOPLIST_FILE = AuthenticatorCircleTests/Info.plist;
				LD_RUNPATH_SEARCH_PATHS = "$(inherited) @executable_path/Frameworks @loader_path/Frameworks";
				PRODUCT_BUNDLE_IDENTIFIER = "Axu.$(PRODUCT_NAME:rfc1034identifier)";
				PRODUCT_NAME = "$(TARGET_NAME)";
				TEST_HOST = "$(BUILT_PRODUCTS_DIR)/AuthenticatorCircle.app/AuthenticatorCircle";
			};
			name = Release;
		};
/* End XCBuildConfiguration section */

/* Begin XCConfigurationList section */
		B23E4C131B7BBFC900D35088 /* Build configuration list for PBXProject "AuthenticatorCircle" */ = {
			isa = XCConfigurationList;
			buildConfigurations = (
				B23E4C391B7BBFCA00D35088 /* Debug */,
				B23E4C3A1B7BBFCA00D35088 /* Release */,
			);
			defaultConfigurationIsVisible = 0;
			defaultConfigurationName = Release;
		};
		B23E4C3B1B7BBFCA00D35088 /* Build configuration list for PBXNativeTarget "AuthenticatorCircle" */ = {
			isa = XCConfigurationList;
			buildConfigurations = (
				B23E4C3C1B7BBFCA00D35088 /* Debug */,
				B23E4C3D1B7BBFCA00D35088 /* Release */,
			);
			defaultConfigurationIsVisible = 0;
			defaultConfigurationName = Release;
		};
		B23E4C3E1B7BBFCA00D35088 /* Build configuration list for PBXNativeTarget "AuthenticatorCircleTests" */ = {
			isa = XCConfigurationList;
			buildConfigurations = (
				B23E4C3F1B7BBFCA00D35088 /* Debug */,
				B23E4C401B7BBFCA00D35088 /* Release */,
			);
			defaultConfigurationIsVisible = 0;
			defaultConfigurationName = Release;
		};
/* End XCConfigurationList section */
	};
	rootObject = B23E4C101B7BBFC900D35088 /* Project object */;
}
